
Microsoft Visual Studio Solution File, Format Version 12.00
# Visual Studio 15
VisualStudioVersion = 15.0.28010.2046
MinimumVisualStudioVersion = 10.0.40219.1
Project("{8BC9CEB8-8B4A-11D0-8D11-00A0C91BC942}") = "libcfile", "libcfile.vcxproj", "{DD9260F3-10A4-453A-8EBF-74E4A7623CFE}"
EndProject
Project("{8BC9CEB8-8B4A-11D0-8D11-00A0C91BC942}") = "shared_file_test", "shared_file_test\shared_file_test.vcxproj", "{04D76295-D28C-46BE-8F68-0B731BF2285A}"
EndProject
Global
	GlobalSection(SolutionConfigurationPlatforms) = preSolution
		Debug|x64 = Debug|x64
		Debug|x86 = Debug|x86
		Release|x64 = Release|x64
		Release|x86 = Release|x86
	EndGlobalSection
	GlobalSection(ProjectConfigurationPlatforms) = postSolution
		{DD9260F3-10A4-453A-8EBF-74E4A7623CFE}.Debug|x64.ActiveCfg = Debug|x64
		{DD9260F3-10A4-453A-8EBF-74E4A7623CFE}.Debug|x64.Build.0 = Debug|x64
		{DD9260F3-10A4-453A-8EBF-74E4A7623CFE}.Debug|x86.ActiveCfg = Debug|Win32
		{DD9260F3-10A4-453A-8EBF-74E4A7623CFE}.Debug|x86.Build.0 = Debug|Win32
		{DD9260F3-10A4-453A-8EBF-74E4A7623CFE}.Release|x64.ActiveCfg = Release|x64
		{DD9260F3-10A4-453A-8EBF-74E4A7623CFE}.Release|x64.Build.0 = Release|x64
		{DD9260F3-10A4-453A-8EBF-74E4A7623CFE}.Release|x86.ActiveCfg = Release|Win32
		{DD9260F3-10A4-453A-8EBF-74E4A7623CFE}.Release|x86.Build.0 = Release|Win32
		{04D76295-D28C-46BE-8F68-0B731BF2285A}.Debug|x64.ActiveCfg = Debug|x64
		{04D76295-D28C-46BE-8F68-0B731BF2285A}.Debug|x64.Build.0 = Debug|x64
		{04D76295-D28C-46BE-8F68-0B731BF2285A}.Debug|x86.ActiveCfg = Debug|Win32
		{04D76295-D28C-46BE-8F68-0B731BF2285A}.Debug|x86.Build.0 = Debug|Win32
		{04D76295-D28C-46BE-8F68-0B731BF2285A}.Release|x64.ActiveCfg = Release|x64
		{04D76295-D28C-46BE-8F68-0B731BF2285A}.Release|x64.Build.0 = Release|x64
		{04D76295-D28C-46BE-8F68-0B731BF2285A}.Release|x86.ActiveCfg = Release|Win32
		{04D76295-D28C-46BE-8F68-0B731BF2285A}.Release|x86.Build.0 = Release|Win32
	EndGlobalSection
	GlobalSection(SolutionProperties) = preSolution
		HideSolutionNode = FALSE
	EndGlobalSection
	GlobalSection(ExtensibilityGlobals) = postSolution
		SolutionGuid = {5C2D520C-1A9A-4F65-90B3-325AC8A63FBD}
	EndGlobalSection
EndGlobal
